
Microsoft Visual Studio Solution File, Format Version 12.00
# Visual Studio Version 17
VisualStudioVersion = 17.9.34701.34
MinimumVisualStudioVersion = 10.0.40219.1
Project("{2150E333-8FDC-42A3-9474-1A3956D46DE8}") = "tools", "tools", "{431125BC-35CD-422D-8143-9805AE767CC6}"
EndProject
Project("{8BC9CEB8-8B4A-11D0-8D11-00A0C91BC942}") = "pe_bliss", "3rdparty\pe_lib\pe_lib.vcxproj", "{1461F543-D1FA-4E4C-B6D7-0F879F566035}"
EndProject
Project("{2150E333-8FDC-42A3-9474-1A3956D46DE8}") = "3rdparty", "3rdparty", "{FAE22EA9-2416-4FBD-9C15-9990BEE4F2A0}"
EndProject
Project("{8BC9CEB8-8B4A-11D0-8D11-00A0C91BC942}") = "Gate", "Gate\Gate.vcxproj", "{3D0ECE4A-914A-4058-82C3-178069831F11}"
EndProject
Project("{8BC9CEB8-8B4A-11D0-8D11-00A0C91BC942}") = "NewClient", "NewClient\NewClient.vcxproj", "{5E50DEDE-27F8-4C1D-B973-0598E3142787}"
EndProject
Project("{8BC9CEB8-8B4A-11D0-8D11-00A0C91BC942}") = "Lightbone", "Lightbone\Lightbone.vcxproj", "{C2580503-90FB-4DED-834F-597162126471}"
EndProject
Project("{8BC9CEB8-8B4A-11D0-8D11-00A0C91BC942}") = "DemoGame", "DemoGame\DemoGame.vcxproj", "{98003060-D485-412C-8FBA-30FCE24B6519}"
EndProject
Project("{8BC9CEB8-8B4A-11D0-8D11-00A0C91BC942}") = "Service", "Service\Service.vcxproj", "{CD6936F7-8EE3-4631-93A4-12B808B8ED05}"
EndProject
Project("{8BC9CEB8-8B4A-11D0-8D11-00A0C91BC942}") = "LogicServer", "Service\LogicServer.vcxproj", "{D3BD2DAE-BDEF-493B-B372-F67EDE912DB9}"
EndProject
Project("{2150E333-8FDC-42A3-9474-1A3956D46DE8}") = "Server", "Server", "{6A9415A5-342F-4BB5-89FE-C33C0ACB499C}"
EndProject
Project("{2150E333-8FDC-42A3-9474-1A3956D46DE8}") = "Client", "Client", "{9AFF9C87-E13D-436C-B089-281C615D2838}"
EndProject
Project("{8BC9CEB8-8B4A-11D0-8D11-00A0C91BC942}") = "AdminGate", "Gate\AdminGate.vcxproj", "{9A1825A4-43C4-45F8-9D60-99883A22F797}"
EndProject
Project("{8BC9CEB8-8B4A-11D0-8D11-00A0C91BC942}") = "lf_plug", "lf_rungate_server_plug\lf_plug.vcxproj", "{B0FB89A6-F0E5-4FE6-9FF8-E1556008D848}"
EndProject
Project("{8BC9CEB8-8B4A-11D0-8D11-00A0C91BC942}") = "UnitTest", "UnitTest\UnitTest.vcxproj", "{24A780F3-D5C1-45E9-B285-61C26C5821D4}"
EndProject
Project("{8BC9CEB8-8B4A-11D0-8D11-00A0C91BC942}") = "test_client_plugin", "test_client_plugin\test_client_plugin\test_client_plugin.vcxproj", "{585842F9-73ED-4F6D-810A-C9795B463342}"
EndProject
Project("{8BC9CEB8-8B4A-11D0-8D11-00A0C91BC942}") = "NewClient_Loader", "NewClient_test\NewClient_test.vcxproj", "{C13223AB-4AE0-48B1-BB5A-0B5D9814AB34}"
EndProject
Project("{2150E333-8FDC-42A3-9474-1A3956D46DE8}") = "js", "js", "{02EA681E-C7D8-13C7-8484-4AC65E1B71E8}"
	ProjectSection(SolutionItems) = preProject
		js\1 copy.js = js\1 copy.js
		js\1.js = js\1.js
		js\689022.js = js\689022.js
		js\debug.js = js\debug.js
		js\内存检测689023.js = js\内存检测689023.js
		js\内部线程689055.js = js\内部线程689055.js
		js\图标检测689021_暂时不用.js = js\图标检测689021_暂时不用.js
		js\本地线程689022.js = js\本地线程689022.js
		js\水仙机器码689060.js = js\水仙机器码689060.js
		js\猎手检测689061.js = js\猎手检测689061.js
		js\第一代机器码689051.js = js\第一代机器码689051.js
		js\第五代机器码689054.js = js\第五代机器码689054.js
		js\虚拟机检测689056.js = js\虚拟机检测689056.js
		js\访问IP和端口689060.js = js\访问IP和端口689060.js
		js\驱动检测689052.js = js\驱动检测689052.js
		js\鸿蒙新增9051.js = js\鸿蒙新增9051.js
		js\鸿蒙新增待解密.js = js\鸿蒙新增待解密.js
		js\鸿蒙新增待解密_原.js = js\鸿蒙新增待解密_原.js
		js\鸿蒙新增待解密_原_5_20.js = js\鸿蒙新增待解密_原_5_20.js
		js\鸿蒙新增待解密_原_5_20_解密.js = js\鸿蒙新增待解密_原_5_20_解密.js
		js\鸿蒙策略.js = js\鸿蒙策略.js
	EndProjectSection
EndProject
Project("{8BC9CEB8-8B4A-11D0-8D11-00A0C91BC942}") = "RunGateSpeedManager", "RunGateSpeedManager\RunGateSpeedManager.vcxproj", "{D90AB1B3-958D-4F17-A9F8-59FE009207C4}"
EndProject
Project("{8BC9CEB8-8B4A-11D0-8D11-00A0C91BC942}") = "RunGateSpeedManage1", "RunGateSpeedManage1\RunGateSpeedManage1.vcxproj", "{77FE139B-671B-A8B9-5ACC-69B5341ABE08}"
EndProject
Global
	GlobalSection(SolutionConfigurationPlatforms) = preSolution
		Debug|x64 = Debug|x64
		Debug|x86 = Debug|x86
		release_blue|x64 = release_blue|x64
		release_blue|x86 = release_blue|x86
		release_red|x64 = release_red|x64
		release_red|x86 = release_red|x86
		Release|x64 = Release|x64
		Release|x86 = Release|x86
	EndGlobalSection
	GlobalSection(ProjectConfigurationPlatforms) = postSolution
		{1461F543-D1FA-4E4C-B6D7-0F879F566035}.Debug|x64.ActiveCfg = Debug|x64
		{1461F543-D1FA-4E4C-B6D7-0F879F566035}.Debug|x64.Build.0 = Debug|x64
		{1461F543-D1FA-4E4C-B6D7-0F879F566035}.Debug|x86.ActiveCfg = Debug|Win32
		{1461F543-D1FA-4E4C-B6D7-0F879F566035}.Debug|x86.Build.0 = Debug|Win32
		{1461F543-D1FA-4E4C-B6D7-0F879F566035}.release_blue|x64.ActiveCfg = Release|x64
		{1461F543-D1FA-4E4C-B6D7-0F879F566035}.release_blue|x86.ActiveCfg = Release|Win32
		{1461F543-D1FA-4E4C-B6D7-0F879F566035}.release_blue|x86.Build.0 = Release|Win32
		{1461F543-D1FA-4E4C-B6D7-0F879F566035}.release_red|x64.ActiveCfg = release_red|Win32
		{1461F543-D1FA-4E4C-B6D7-0F879F566035}.release_red|x86.ActiveCfg = Release|Win32
		{1461F543-D1FA-4E4C-B6D7-0F879F566035}.release_red|x86.Build.0 = Release|Win32
		{1461F543-D1FA-4E4C-B6D7-0F879F566035}.Release|x64.ActiveCfg = Release|x64
		{1461F543-D1FA-4E4C-B6D7-0F879F566035}.Release|x64.Build.0 = Release|x64
		{1461F543-D1FA-4E4C-B6D7-0F879F566035}.Release|x86.ActiveCfg = Release|Win32
		{1461F543-D1FA-4E4C-B6D7-0F879F566035}.Release|x86.Build.0 = Release|Win32
		{3D0ECE4A-914A-4058-82C3-178069831F11}.Debug|x64.ActiveCfg = Debug|Win32
		{3D0ECE4A-914A-4058-82C3-178069831F11}.Debug|x86.ActiveCfg = Debug|Win32
		{3D0ECE4A-914A-4058-82C3-178069831F11}.Debug|x86.Build.0 = Debug|Win32
		{3D0ECE4A-914A-4058-82C3-178069831F11}.release_blue|x64.ActiveCfg = release_blue|x64
		{3D0ECE4A-914A-4058-82C3-178069831F11}.release_blue|x64.Build.0 = release_blue|x64
		{3D0ECE4A-914A-4058-82C3-178069831F11}.release_blue|x86.ActiveCfg = release_blue|Win32
		{3D0ECE4A-914A-4058-82C3-178069831F11}.release_blue|x86.Build.0 = release_blue|Win32
		{3D0ECE4A-914A-4058-82C3-178069831F11}.release_red|x64.ActiveCfg = release_red|Win32
		{3D0ECE4A-914A-4058-82C3-178069831F11}.release_red|x86.ActiveCfg = release_red|Win32
		{3D0ECE4A-914A-4058-82C3-178069831F11}.release_red|x86.Build.0 = release_red|Win32
		{3D0ECE4A-914A-4058-82C3-178069831F11}.Release|x64.ActiveCfg = Release|Win32
		{3D0ECE4A-914A-4058-82C3-178069831F11}.Release|x86.ActiveCfg = Release|Win32
		{3D0ECE4A-914A-4058-82C3-178069831F11}.Release|x86.Build.0 = Release|Win32
		{5E50DEDE-27F8-4C1D-B973-0598E3142787}.Debug|x64.ActiveCfg = Debug|Win32
		{5E50DEDE-27F8-4C1D-B973-0598E3142787}.Debug|x86.ActiveCfg = Debug|Win32
		{5E50DEDE-27F8-4C1D-B973-0598E3142787}.Debug|x86.Build.0 = Debug|Win32
		{5E50DEDE-27F8-4C1D-B973-0598E3142787}.release_blue|x64.ActiveCfg = Release|Win32
		{5E50DEDE-27F8-4C1D-B973-0598E3142787}.release_blue|x86.ActiveCfg = Release|Win32
		{5E50DEDE-27F8-4C1D-B973-0598E3142787}.release_blue|x86.Build.0 = Release|Win32
		{5E50DEDE-27F8-4C1D-B973-0598E3142787}.release_red|x64.ActiveCfg = release_red|Win32
		{5E50DEDE-27F8-4C1D-B973-0598E3142787}.release_red|x86.ActiveCfg = Release|Win32
		{5E50DEDE-27F8-4C1D-B973-0598E3142787}.release_red|x86.Build.0 = Release|Win32
		{5E50DEDE-27F8-4C1D-B973-0598E3142787}.Release|x64.ActiveCfg = Release|Win32
		{5E50DEDE-27F8-4C1D-B973-0598E3142787}.Release|x86.ActiveCfg = Release|Win32
		{5E50DEDE-27F8-4C1D-B973-0598E3142787}.Release|x86.Build.0 = Release|Win32
		{C2580503-90FB-4DED-834F-597162126471}.Debug|x64.ActiveCfg = Debug|x64
		{C2580503-90FB-4DED-834F-597162126471}.Debug|x64.Build.0 = Debug|x64
		{C2580503-90FB-4DED-834F-597162126471}.Debug|x86.ActiveCfg = Debug|Win32
		{C2580503-90FB-4DED-834F-597162126471}.Debug|x86.Build.0 = Debug|Win32
		{C2580503-90FB-4DED-834F-597162126471}.release_blue|x64.ActiveCfg = Release|x64
		{C2580503-90FB-4DED-834F-597162126471}.release_blue|x86.ActiveCfg = Release|Win32
		{C2580503-90FB-4DED-834F-597162126471}.release_blue|x86.Build.0 = Release|Win32
		{C2580503-90FB-4DED-834F-597162126471}.release_red|x64.ActiveCfg = release_red|Win32
		{C2580503-90FB-4DED-834F-597162126471}.release_red|x86.ActiveCfg = Release|Win32
		{C2580503-90FB-4DED-834F-597162126471}.release_red|x86.Build.0 = Release|Win32
		{C2580503-90FB-4DED-834F-597162126471}.Release|x64.ActiveCfg = Release|x64
		{C2580503-90FB-4DED-834F-597162126471}.Release|x64.Build.0 = Release|x64
		{C2580503-90FB-4DED-834F-597162126471}.Release|x86.ActiveCfg = Release|Win32
		{C2580503-90FB-4DED-834F-597162126471}.Release|x86.Build.0 = Release|Win32
		{98003060-D485-412C-8FBA-30FCE24B6519}.Debug|x64.ActiveCfg = Debug|x64
		{98003060-D485-412C-8FBA-30FCE24B6519}.Debug|x64.Build.0 = Debug|x64
		{98003060-D485-412C-8FBA-30FCE24B6519}.Debug|x86.ActiveCfg = Debug|Win32
		{98003060-D485-412C-8FBA-30FCE24B6519}.release_blue|x64.ActiveCfg = Release|x64
		{98003060-D485-412C-8FBA-30FCE24B6519}.release_blue|x86.ActiveCfg = Release|Win32
		{98003060-D485-412C-8FBA-30FCE24B6519}.release_red|x64.ActiveCfg = release_red|Win32
		{98003060-D485-412C-8FBA-30FCE24B6519}.release_red|x86.ActiveCfg = Release|Win32
		{98003060-D485-412C-8FBA-30FCE24B6519}.Release|x64.ActiveCfg = Release|x64
		{98003060-D485-412C-8FBA-30FCE24B6519}.Release|x64.Build.0 = Release|x64
		{98003060-D485-412C-8FBA-30FCE24B6519}.Release|x86.ActiveCfg = Release|Win32
		{CD6936F7-8EE3-4631-93A4-12B808B8ED05}.Debug|x64.ActiveCfg = Debug|x64
		{CD6936F7-8EE3-4631-93A4-12B808B8ED05}.Debug|x64.Build.0 = Debug|x64
		{CD6936F7-8EE3-4631-93A4-12B808B8ED05}.Debug|x86.ActiveCfg = Debug|Win32
		{CD6936F7-8EE3-4631-93A4-12B808B8ED05}.Debug|x86.Build.0 = Debug|Win32
		{CD6936F7-8EE3-4631-93A4-12B808B8ED05}.release_blue|x64.ActiveCfg = Release|x64
		{CD6936F7-8EE3-4631-93A4-12B808B8ED05}.release_blue|x86.ActiveCfg = Release|Win32
		{CD6936F7-8EE3-4631-93A4-12B808B8ED05}.release_blue|x86.Build.0 = Release|Win32
		{CD6936F7-8EE3-4631-93A4-12B808B8ED05}.release_red|x64.ActiveCfg = release_red|Win32
		{CD6936F7-8EE3-4631-93A4-12B808B8ED05}.release_red|x86.ActiveCfg = Release|Win32
		{CD6936F7-8EE3-4631-93A4-12B808B8ED05}.release_red|x86.Build.0 = Release|Win32
		{CD6936F7-8EE3-4631-93A4-12B808B8ED05}.Release|x64.ActiveCfg = Release|x64
		{CD6936F7-8EE3-4631-93A4-12B808B8ED05}.Release|x64.Build.0 = Release|x64
		{CD6936F7-8EE3-4631-93A4-12B808B8ED05}.Release|x86.ActiveCfg = Release|Win32
		{CD6936F7-8EE3-4631-93A4-12B808B8ED05}.Release|x86.Build.0 = Release|Win32
		{D3BD2DAE-BDEF-493B-B372-F67EDE912DB9}.Debug|x64.ActiveCfg = Debug|x64
		{D3BD2DAE-BDEF-493B-B372-F67EDE912DB9}.Debug|x64.Build.0 = Debug|x64
		{D3BD2DAE-BDEF-493B-B372-F67EDE912DB9}.Debug|x86.ActiveCfg = Debug|Win32
		{D3BD2DAE-BDEF-493B-B372-F67EDE912DB9}.Debug|x86.Build.0 = Debug|Win32
		{D3BD2DAE-BDEF-493B-B372-F67EDE912DB9}.release_blue|x64.ActiveCfg = Release|x64
		{D3BD2DAE-BDEF-493B-B372-F67EDE912DB9}.release_blue|x86.ActiveCfg = Release|Win32
		{D3BD2DAE-BDEF-493B-B372-F67EDE912DB9}.release_blue|x86.Build.0 = Release|Win32
		{D3BD2DAE-BDEF-493B-B372-F67EDE912DB9}.release_red|x64.ActiveCfg = release_red|Win32
		{D3BD2DAE-BDEF-493B-B372-F67EDE912DB9}.release_red|x86.ActiveCfg = Release|Win32
		{D3BD2DAE-BDEF-493B-B372-F67EDE912DB9}.release_red|x86.Build.0 = Release|Win32
		{D3BD2DAE-BDEF-493B-B372-F67EDE912DB9}.Release|x64.ActiveCfg = Release|x64
		{D3BD2DAE-BDEF-493B-B372-F67EDE912DB9}.Release|x64.Build.0 = Release|x64
		{D3BD2DAE-BDEF-493B-B372-F67EDE912DB9}.Release|x86.ActiveCfg = Release|Win32
		{D3BD2DAE-BDEF-493B-B372-F67EDE912DB9}.Release|x86.Build.0 = Release|Win32
		{9A1825A4-43C4-45F8-9D60-99883A22F797}.Debug|x64.ActiveCfg = Debug|x64
		{9A1825A4-43C4-45F8-9D60-99883A22F797}.Debug|x64.Build.0 = Debug|x64
		{9A1825A4-43C4-45F8-9D60-99883A22F797}.Debug|x86.ActiveCfg = Debug|Win32
		{9A1825A4-43C4-45F8-9D60-99883A22F797}.Debug|x86.Build.0 = Debug|Win32
		{9A1825A4-43C4-45F8-9D60-99883A22F797}.release_blue|x64.ActiveCfg = Release|x64
		{9A1825A4-43C4-45F8-9D60-99883A22F797}.release_blue|x86.ActiveCfg = Release|Win32
		{9A1825A4-43C4-45F8-9D60-99883A22F797}.release_red|x64.ActiveCfg = release_red|Win32
		{9A1825A4-43C4-45F8-9D60-99883A22F797}.release_red|x86.ActiveCfg = Release|Win32
		{9A1825A4-43C4-45F8-9D60-99883A22F797}.Release|x64.ActiveCfg = Release|x64
		{9A1825A4-43C4-45F8-9D60-99883A22F797}.Release|x64.Build.0 = Release|x64
		{9A1825A4-43C4-45F8-9D60-99883A22F797}.Release|x86.ActiveCfg = Release|Win32
		{B0FB89A6-F0E5-4FE6-9FF8-E1556008D848}.Debug|x64.ActiveCfg = Debug|x64
		{B0FB89A6-F0E5-4FE6-9FF8-E1556008D848}.Debug|x64.Build.0 = Debug|x64
		{B0FB89A6-F0E5-4FE6-9FF8-E1556008D848}.Debug|x86.ActiveCfg = Debug|Win32
		{B0FB89A6-F0E5-4FE6-9FF8-E1556008D848}.Debug|x86.Build.0 = Debug|Win32
		{B0FB89A6-F0E5-4FE6-9FF8-E1556008D848}.release_blue|x64.ActiveCfg = Release|x64
		{B0FB89A6-F0E5-4FE6-9FF8-E1556008D848}.release_blue|x86.ActiveCfg = Release|Win32
		{B0FB89A6-F0E5-4FE6-9FF8-E1556008D848}.release_blue|x86.Build.0 = Release|Win32
		{B0FB89A6-F0E5-4FE6-9FF8-E1556008D848}.release_red|x64.ActiveCfg = release_red|Win32
		{B0FB89A6-F0E5-4FE6-9FF8-E1556008D848}.release_red|x86.ActiveCfg = Release|Win32
		{B0FB89A6-F0E5-4FE6-9FF8-E1556008D848}.release_red|x86.Build.0 = Release|Win32
		{B0FB89A6-F0E5-4FE6-9FF8-E1556008D848}.Release|x64.ActiveCfg = Release|x64
		{B0FB89A6-F0E5-4FE6-9FF8-E1556008D848}.Release|x64.Build.0 = Release|x64
		{B0FB89A6-F0E5-4FE6-9FF8-E1556008D848}.Release|x86.ActiveCfg = Release|Win32
		{B0FB89A6-F0E5-4FE6-9FF8-E1556008D848}.Release|x86.Build.0 = Release|Win32
		{24A780F3-D5C1-45E9-B285-61C26C5821D4}.Debug|x64.ActiveCfg = Debug|Win32
		{24A780F3-D5C1-45E9-B285-61C26C5821D4}.Debug|x86.ActiveCfg = Debug|Win32
		{24A780F3-D5C1-45E9-B285-61C26C5821D4}.release_blue|x64.ActiveCfg = release_red|x64
		{24A780F3-D5C1-45E9-B285-61C26C5821D4}.release_blue|x86.ActiveCfg = Release|Win32
		{24A780F3-D5C1-45E9-B285-61C26C5821D4}.release_red|x64.ActiveCfg = release_red|x64
		{24A780F3-D5C1-45E9-B285-61C26C5821D4}.release_red|x86.ActiveCfg = Release|Win32
		{24A780F3-D5C1-45E9-B285-61C26C5821D4}.Release|x64.ActiveCfg = Release|Win32
		{24A780F3-D5C1-45E9-B285-61C26C5821D4}.Release|x86.ActiveCfg = Release|Win32
		{585842F9-73ED-4F6D-810A-C9795B463342}.Debug|x64.ActiveCfg = Debug|x64
		{585842F9-73ED-4F6D-810A-C9795B463342}.Debug|x64.Build.0 = Debug|x64
		{585842F9-73ED-4F6D-810A-C9795B463342}.Debug|x86.ActiveCfg = Debug|Win32
		{585842F9-73ED-4F6D-810A-C9795B463342}.release_blue|x64.ActiveCfg = Release|x64
		{585842F9-73ED-4F6D-810A-C9795B463342}.release_blue|x64.Build.0 = Release|x64
		{585842F9-73ED-4F6D-810A-C9795B463342}.release_blue|x86.ActiveCfg = Release|Win32
		{585842F9-73ED-4F6D-810A-C9795B463342}.release_red|x64.ActiveCfg = Release|x64
		{585842F9-73ED-4F6D-810A-C9795B463342}.release_red|x64.Build.0 = Release|x64
		{585842F9-73ED-4F6D-810A-C9795B463342}.release_red|x86.ActiveCfg = Release|Win32
		{585842F9-73ED-4F6D-810A-C9795B463342}.Release|x64.ActiveCfg = Release|x64
		{585842F9-73ED-4F6D-810A-C9795B463342}.Release|x64.Build.0 = Release|x64
		{585842F9-73ED-4F6D-810A-C9795B463342}.Release|x86.ActiveCfg = Release|Win32
		{C13223AB-4AE0-48B1-BB5A-0B5D9814AB34}.Debug|x64.ActiveCfg = Debug|x64
		{C13223AB-4AE0-48B1-BB5A-0B5D9814AB34}.Debug|x64.Build.0 = Debug|x64
		{C13223AB-4AE0-48B1-BB5A-0B5D9814AB34}.Debug|x86.ActiveCfg = Debug|Win32
		{C13223AB-4AE0-48B1-BB5A-0B5D9814AB34}.Debug|x86.Build.0 = Debug|Win32
		{C13223AB-4AE0-48B1-BB5A-0B5D9814AB34}.release_blue|x64.ActiveCfg = Release|x64
		{C13223AB-4AE0-48B1-BB5A-0B5D9814AB34}.release_blue|x64.Build.0 = Release|x64
		{C13223AB-4AE0-48B1-BB5A-0B5D9814AB34}.release_blue|x86.ActiveCfg = Release|Win32
		{C13223AB-4AE0-48B1-BB5A-0B5D9814AB34}.release_blue|x86.Build.0 = Release|Win32
		{C13223AB-4AE0-48B1-BB5A-0B5D9814AB34}.release_red|x64.ActiveCfg = Release|x64
		{C13223AB-4AE0-48B1-BB5A-0B5D9814AB34}.release_red|x64.Build.0 = Release|x64
		{C13223AB-4AE0-48B1-BB5A-0B5D9814AB34}.release_red|x86.ActiveCfg = Release|Win32
		{C13223AB-4AE0-48B1-BB5A-0B5D9814AB34}.release_red|x86.Build.0 = Release|Win32
		{C13223AB-4AE0-48B1-BB5A-0B5D9814AB34}.Release|x64.ActiveCfg = Release|x64
		{C13223AB-4AE0-48B1-BB5A-0B5D9814AB34}.Release|x64.Build.0 = Release|x64
		{C13223AB-4AE0-48B1-BB5A-0B5D9814AB34}.Release|x86.ActiveCfg = Release|Win32
		{C13223AB-4AE0-48B1-BB5A-0B5D9814AB34}.Release|x86.Build.0 = Release|Win32
		{D90AB1B3-958D-4F17-A9F8-59FE009207C4}.Debug|x64.ActiveCfg = Debug|x64
		{D90AB1B3-958D-4F17-A9F8-59FE009207C4}.Debug|x64.Build.0 = Debug|x64
		{D90AB1B3-958D-4F17-A9F8-59FE009207C4}.Debug|x86.ActiveCfg = Debug|Win32
		{D90AB1B3-958D-4F17-A9F8-59FE009207C4}.Debug|x86.Build.0 = Debug|Win32
		{D90AB1B3-958D-4F17-A9F8-59FE009207C4}.release_blue|x64.ActiveCfg = Release|x64
		{D90AB1B3-958D-4F17-A9F8-59FE009207C4}.release_blue|x64.Build.0 = Release|x64
		{D90AB1B3-958D-4F17-A9F8-59FE009207C4}.release_blue|x86.ActiveCfg = Release|Win32
		{D90AB1B3-958D-4F17-A9F8-59FE009207C4}.release_blue|x86.Build.0 = Release|Win32
		{D90AB1B3-958D-4F17-A9F8-59FE009207C4}.release_red|x64.ActiveCfg = Release|x64
		{D90AB1B3-958D-4F17-A9F8-59FE009207C4}.release_red|x64.Build.0 = Release|x64
		{D90AB1B3-958D-4F17-A9F8-59FE009207C4}.release_red|x86.ActiveCfg = Release|Win32
		{D90AB1B3-958D-4F17-A9F8-59FE009207C4}.release_red|x86.Build.0 = Release|Win32
		{D90AB1B3-958D-4F17-A9F8-59FE009207C4}.Release|x64.ActiveCfg = Release|x64
		{D90AB1B3-958D-4F17-A9F8-59FE009207C4}.Release|x64.Build.0 = Release|x64
		{D90AB1B3-958D-4F17-A9F8-59FE009207C4}.Release|x86.ActiveCfg = Release|Win32
		{D90AB1B3-958D-4F17-A9F8-59FE009207C4}.Release|x86.Build.0 = Release|Win32
		{77FE139B-671B-A8B9-5ACC-69B5341ABE08}.Debug|x64.ActiveCfg = Debug|x64
		{77FE139B-671B-A8B9-5ACC-69B5341ABE08}.Debug|x64.Build.0 = Debug|x64
		{77FE139B-671B-A8B9-5ACC-69B5341ABE08}.Debug|x86.ActiveCfg = Debug|Win32
		{77FE139B-671B-A8B9-5ACC-69B5341ABE08}.Debug|x86.Build.0 = Debug|Win32
		{77FE139B-671B-A8B9-5ACC-69B5341ABE08}.release_blue|x64.ActiveCfg = Release|x64
		{77FE139B-671B-A8B9-5ACC-69B5341ABE08}.release_blue|x64.Build.0 = Release|x64
		{77FE139B-671B-A8B9-5ACC-69B5341ABE08}.release_blue|x86.ActiveCfg = Release|Win32
		{77FE139B-671B-A8B9-5ACC-69B5341ABE08}.release_blue|x86.Build.0 = Release|Win32
		{77FE139B-671B-A8B9-5ACC-69B5341ABE08}.release_red|x64.ActiveCfg = Release|x64
		{77FE139B-671B-A8B9-5ACC-69B5341ABE08}.release_red|x64.Build.0 = Release|x64
		{77FE139B-671B-A8B9-5ACC-69B5341ABE08}.release_red|x86.ActiveCfg = Release|Win32
		{77FE139B-671B-A8B9-5ACC-69B5341ABE08}.release_red|x86.Build.0 = Release|Win32
		{77FE139B-671B-A8B9-5ACC-69B5341ABE08}.Release|x64.ActiveCfg = Release|x64
		{77FE139B-671B-A8B9-5ACC-69B5341ABE08}.Release|x64.Build.0 = Release|x64
		{77FE139B-671B-A8B9-5ACC-69B5341ABE08}.Release|x86.ActiveCfg = Release|Win32
		{77FE139B-671B-A8B9-5ACC-69B5341ABE08}.Release|x86.Build.0 = Release|Win32
	EndGlobalSection
	GlobalSection(SolutionProperties) = preSolution
		HideSolutionNode = FALSE
	EndGlobalSection
	GlobalSection(NestedProjects) = preSolution
		{1461F543-D1FA-4E4C-B6D7-0F879F566035} = {FAE22EA9-2416-4FBD-9C15-9990BEE4F2A0}
		{3D0ECE4A-914A-4058-82C3-178069831F11} = {431125BC-35CD-422D-8143-9805AE767CC6}
		{5E50DEDE-27F8-4C1D-B973-0598E3142787} = {9AFF9C87-E13D-436C-B089-281C615D2838}
		{C2580503-90FB-4DED-834F-597162126471} = {FAE22EA9-2416-4FBD-9C15-9990BEE4F2A0}
		{98003060-D485-412C-8FBA-30FCE24B6519} = {9AFF9C87-E13D-436C-B089-281C615D2838}
		{CD6936F7-8EE3-4631-93A4-12B808B8ED05} = {6A9415A5-342F-4BB5-89FE-C33C0ACB499C}
		{D3BD2DAE-BDEF-493B-B372-F67EDE912DB9} = {6A9415A5-342F-4BB5-89FE-C33C0ACB499C}
		{9A1825A4-43C4-45F8-9D60-99883A22F797} = {431125BC-35CD-422D-8143-9805AE767CC6}
		{B0FB89A6-F0E5-4FE6-9FF8-E1556008D848} = {9AFF9C87-E13D-436C-B089-281C615D2838}
		{C13223AB-4AE0-48B1-BB5A-0B5D9814AB34} = {9AFF9C87-E13D-436C-B089-281C615D2838}
		{02EA681E-C7D8-13C7-8484-4AC65E1B71E8} = {9AFF9C87-E13D-436C-B089-281C615D2838}
		{D90AB1B3-958D-4F17-A9F8-59FE009207C4} = {9AFF9C87-E13D-436C-B089-281C615D2838}
		{77FE139B-671B-A8B9-5ACC-69B5341ABE08} = {9AFF9C87-E13D-436C-B089-281C615D2838}
	EndGlobalSection
	GlobalSection(ExtensibilityGlobals) = postSolution
		SolutionGuid = {AFCF4415-F6CD-4026-8FDF-D7F637652B3C}
	EndGlobalSection
EndGlobal
