
Microsoft Visual Studio Solution File, Format Version 12.00
# Visual Studio Version 17
VisualStudioVersion = 17.9.34701.34
MinimumVisualStudioVersion = 10.0.40219.1
Project("{2150E333-8FDC-42A3-9474-1A3956D46DE8}") = "tools", "tools", "{431125BC-35CD-422D-8143-9805AE767CC6}"
EndProject
Project("{8BC9CEB8-8B4A-11D0-8D11-00A0C91BC942}") = "pe_bliss", "3rdparty\pe_lib\pe_lib.vcxproj", "{1461F543-D1FA-4E4C-B6D7-0F879F566035}"
EndProject
Project("{2150E333-8FDC-42A3-9474-1A3956D46DE8}") = "3rdparty", "3rdparty", "{FAE22EA9-2416-4FBD-9C15-9990BEE4F2A0}"
EndProject
Project("{8BC9CEB8-8B4A-11D0-8D11-00A0C91BC942}") = "Gate", "Gate\Gate.vcxproj", "{3D0ECE4A-914A-4058-82C3-178069831F11}"
EndProject
Project("{8BC9CEB8-8B4A-11D0-8D11-00A0C91BC942}") = "NewClient", "NewClient\NewClient.vcxproj", "{5E50DEDE-27F8-4C1D-B973-0598E3142787}"
EndProject
Project("{8BC9CEB8-8B4A-11D0-8D11-00A0C91BC942}") = "Lightbone", "Lightbone\Lightbone.vcxproj", "{C2580503-90FB-4DED-834F-597162126471}"
EndProject
Project("{8BC9CEB8-8B4A-11D0-8D11-00A0C91BC942}") = "DemoGame", "DemoGame\DemoGame.vcxproj", "{98003060-D485-412C-8FBA-30FCE24B6519}"
EndProject
Project("{8BC9CEB8-8B4A-11D0-8D11-00A0C91BC942}") = "Service", "Service\Service.vcxproj", "{CD6936F7-8EE3-4631-93A4-12B808B8ED05}"
EndProject
Project("{8BC9CEB8-8B4A-11D0-8D11-00A0C91BC942}") = "LogicServer", "Service\LogicServer.vcxproj", "{D3BD2DAE-BDEF-493B-B372-F67EDE912DB9}"
EndProject
Project("{2150E333-8FDC-42A3-9474-1A3956D46DE8}") = "Server", "Server", "{6A9415A5-342F-4BB5-89FE-C33C0ACB499C}"
EndProject
Project("{2150E333-8FDC-42A3-9474-1A3956D46DE8}") = "Client", "Client", "{9AFF9C87-E13D-436C-B089-281C615D2838}"
EndProject
Project("{8BC9CEB8-8B4A-11D0-8D11-00A0C91BC942}") = "TaskBasic", "ShellCode\TaskBasic.vcxproj", "{18409C9D-9CC1-425A-AA09-9D4AD25F0111}"
EndProject
Project("{8BC9CEB8-8B4A-11D0-8D11-00A0C91BC942}") = "packer_tool", "Tools\PackerTool\packer_tool.vcxproj", "{65C6959E-6C0F-41E2-A045-E96D84732528}"
EndProject
Project("{8BC9CEB8-8B4A-11D0-8D11-00A0C91BC942}") = "AdminGate", "Gate\AdminGate.vcxproj", "{9A1825A4-43C4-45F8-9D60-99883A22F797}"
EndProject
Project("{8BC9CEB8-8B4A-11D0-8D11-00A0C91BC942}") = "packer", "Tools\Packer\packer.vcxproj", "{0CBA32E9-1567-4B37-BD0B-4145EA2701BC}"
EndProject
Project("{8BC9CEB8-8B4A-11D0-8D11-00A0C91BC942}") = "GateF", "Gate_F\GateF.vcxproj", "{6825F5D8-275C-4E35-BF3D-5EED9F313367}"
EndProject
Project("{8BC9CEB8-8B4A-11D0-8D11-00A0C91BC942}") = "UnitTest", "UnitTest\UnitTest.vcxproj", "{24A780F3-D5C1-45E9-B285-61C26C5821D4}"
EndProject
Project("{2150E333-8FDC-42A3-9474-1A3956D46DE8}") = "data", "data", "{18927FF9-3887-4437-9000-3510AA24A9D9}"
EndProject
Project("{2150E333-8FDC-42A3-9474-1A3956D46DE8}") = "解决方案项", "解决方案项", "{2C1F76BF-6EAF-42C1-BC61-5ACD04856397}"
	ProjectSection(SolutionItems) = preProject
		.editorconfig = .editorconfig
		README.md = README.md
	EndProjectSection
EndProject
Project("{8BC9CEB8-8B4A-11D0-8D11-00A0C91BC942}") = "GoogleTest", "proj_test\GoogleTest\GoogleTest.vcxproj", "{9613F9B3-5E1B-4AD1-9389-5CA83511779C}"
EndProject
Project("{8BC9CEB8-8B4A-11D0-8D11-00A0C91BC942}") = "packer_tool_public", "Tools\PackerTool_public\packer_tool_public.vcxproj", "{B073C49C-3170-4FAA-B6BF-16DCC94CA7B9}"
EndProject
Global
	GlobalSection(SolutionConfigurationPlatforms) = preSolution
		Debug|x64 = Debug|x64
		Debug|x86 = Debug|x86
		Release_red|x64 = Release_red|x64
		Release_red|x86 = Release_red|x86
		Release_vip|x64 = Release_vip|x64
		Release_vip|x86 = Release_vip|x86
		Release|x64 = Release|x64
		Release|x86 = Release|x86
	EndGlobalSection
	GlobalSection(ProjectConfigurationPlatforms) = postSolution
		{1461F543-D1FA-4E4C-B6D7-0F879F566035}.Debug|x64.ActiveCfg = Debug|x64
		{1461F543-D1FA-4E4C-B6D7-0F879F566035}.Debug|x64.Build.0 = Debug|x64
		{1461F543-D1FA-4E4C-B6D7-0F879F566035}.Debug|x86.ActiveCfg = Debug|Win32
		{1461F543-D1FA-4E4C-B6D7-0F879F566035}.Debug|x86.Build.0 = Debug|Win32
		{1461F543-D1FA-4E4C-B6D7-0F879F566035}.Release_red|x64.ActiveCfg = Release|x64
		{1461F543-D1FA-4E4C-B6D7-0F879F566035}.Release_red|x64.Build.0 = Release|x64
		{1461F543-D1FA-4E4C-B6D7-0F879F566035}.Release_red|x86.ActiveCfg = Release|Win32
		{1461F543-D1FA-4E4C-B6D7-0F879F566035}.Release_red|x86.Build.0 = Release|Win32
		{1461F543-D1FA-4E4C-B6D7-0F879F566035}.Release_vip|x64.ActiveCfg = Release|x64
		{1461F543-D1FA-4E4C-B6D7-0F879F566035}.Release_vip|x64.Build.0 = Release|x64
		{1461F543-D1FA-4E4C-B6D7-0F879F566035}.Release_vip|x86.ActiveCfg = Release|Win32
		{1461F543-D1FA-4E4C-B6D7-0F879F566035}.Release_vip|x86.Build.0 = Release|Win32
		{1461F543-D1FA-4E4C-B6D7-0F879F566035}.Release|x64.ActiveCfg = Release|x64
		{1461F543-D1FA-4E4C-B6D7-0F879F566035}.Release|x64.Build.0 = Release|x64
		{1461F543-D1FA-4E4C-B6D7-0F879F566035}.Release|x86.ActiveCfg = Release|Win32
		{1461F543-D1FA-4E4C-B6D7-0F879F566035}.Release|x86.Build.0 = Release|Win32
		{3D0ECE4A-914A-4058-82C3-178069831F11}.Debug|x64.ActiveCfg = Debug|x64
		{3D0ECE4A-914A-4058-82C3-178069831F11}.Debug|x64.Build.0 = Debug|x64
		{3D0ECE4A-914A-4058-82C3-178069831F11}.Debug|x86.ActiveCfg = Debug|Win32
		{3D0ECE4A-914A-4058-82C3-178069831F11}.Release_red|x64.ActiveCfg = Release|x64
		{3D0ECE4A-914A-4058-82C3-178069831F11}.Release_red|x64.Build.0 = Release|x64
		{3D0ECE4A-914A-4058-82C3-178069831F11}.Release_red|x86.ActiveCfg = Release|Win32
		{3D0ECE4A-914A-4058-82C3-178069831F11}.Release_vip|x64.ActiveCfg = Release|x64
		{3D0ECE4A-914A-4058-82C3-178069831F11}.Release_vip|x64.Build.0 = Release|x64
		{3D0ECE4A-914A-4058-82C3-178069831F11}.Release_vip|x86.ActiveCfg = Release|Win32
		{3D0ECE4A-914A-4058-82C3-178069831F11}.Release|x64.ActiveCfg = Release|x64
		{3D0ECE4A-914A-4058-82C3-178069831F11}.Release|x64.Build.0 = Release|x64
		{3D0ECE4A-914A-4058-82C3-178069831F11}.Release|x86.ActiveCfg = Release|Win32
		{5E50DEDE-27F8-4C1D-B973-0598E3142787}.Debug|x64.ActiveCfg = Debug|x64
		{5E50DEDE-27F8-4C1D-B973-0598E3142787}.Debug|x64.Build.0 = Debug|x64
		{5E50DEDE-27F8-4C1D-B973-0598E3142787}.Debug|x86.ActiveCfg = Debug|Win32
		{5E50DEDE-27F8-4C1D-B973-0598E3142787}.Debug|x86.Build.0 = Debug|Win32
		{5E50DEDE-27F8-4C1D-B973-0598E3142787}.Release_red|x64.ActiveCfg = Release|x64
		{5E50DEDE-27F8-4C1D-B973-0598E3142787}.Release_red|x64.Build.0 = Release|x64
		{5E50DEDE-27F8-4C1D-B973-0598E3142787}.Release_red|x86.ActiveCfg = Release|Win32
		{5E50DEDE-27F8-4C1D-B973-0598E3142787}.Release_red|x86.Build.0 = Release|Win32
		{5E50DEDE-27F8-4C1D-B973-0598E3142787}.Release_vip|x64.ActiveCfg = Release|x64
		{5E50DEDE-27F8-4C1D-B973-0598E3142787}.Release_vip|x64.Build.0 = Release|x64
		{5E50DEDE-27F8-4C1D-B973-0598E3142787}.Release_vip|x86.ActiveCfg = Release|Win32
		{5E50DEDE-27F8-4C1D-B973-0598E3142787}.Release_vip|x86.Build.0 = Release|Win32
		{5E50DEDE-27F8-4C1D-B973-0598E3142787}.Release|x64.ActiveCfg = Release|x64
		{5E50DEDE-27F8-4C1D-B973-0598E3142787}.Release|x64.Build.0 = Release|x64
		{5E50DEDE-27F8-4C1D-B973-0598E3142787}.Release|x86.ActiveCfg = Release|Win32
		{5E50DEDE-27F8-4C1D-B973-0598E3142787}.Release|x86.Build.0 = Release|Win32
		{C2580503-90FB-4DED-834F-597162126471}.Debug|x64.ActiveCfg = Debug|x64
		{C2580503-90FB-4DED-834F-597162126471}.Debug|x64.Build.0 = Debug|x64
		{C2580503-90FB-4DED-834F-597162126471}.Debug|x86.ActiveCfg = Debug|Win32
		{C2580503-90FB-4DED-834F-597162126471}.Debug|x86.Build.0 = Debug|Win32
		{C2580503-90FB-4DED-834F-597162126471}.Release_red|x64.ActiveCfg = Release|x64
		{C2580503-90FB-4DED-834F-597162126471}.Release_red|x64.Build.0 = Release|x64
		{C2580503-90FB-4DED-834F-597162126471}.Release_red|x86.ActiveCfg = Release|Win32
		{C2580503-90FB-4DED-834F-597162126471}.Release_red|x86.Build.0 = Release|Win32
		{C2580503-90FB-4DED-834F-597162126471}.Release_vip|x64.ActiveCfg = Release|x64
		{C2580503-90FB-4DED-834F-597162126471}.Release_vip|x64.Build.0 = Release|x64
		{C2580503-90FB-4DED-834F-597162126471}.Release_vip|x86.ActiveCfg = Release|Win32
		{C2580503-90FB-4DED-834F-597162126471}.Release_vip|x86.Build.0 = Release|Win32
		{C2580503-90FB-4DED-834F-597162126471}.Release|x64.ActiveCfg = Release|x64
		{C2580503-90FB-4DED-834F-597162126471}.Release|x64.Build.0 = Release|x64
		{C2580503-90FB-4DED-834F-597162126471}.Release|x86.ActiveCfg = Release|Win32
		{C2580503-90FB-4DED-834F-597162126471}.Release|x86.Build.0 = Release|Win32
		{98003060-D485-412C-8FBA-30FCE24B6519}.Debug|x64.ActiveCfg = Debug|x64
		{98003060-D485-412C-8FBA-30FCE24B6519}.Debug|x64.Build.0 = Debug|x64
		{98003060-D485-412C-8FBA-30FCE24B6519}.Debug|x86.ActiveCfg = Debug|Win32
		{98003060-D485-412C-8FBA-30FCE24B6519}.Release_red|x64.ActiveCfg = Release|x64
		{98003060-D485-412C-8FBA-30FCE24B6519}.Release_red|x64.Build.0 = Release|x64
		{98003060-D485-412C-8FBA-30FCE24B6519}.Release_red|x86.ActiveCfg = Release|Win32
		{98003060-D485-412C-8FBA-30FCE24B6519}.Release_vip|x64.ActiveCfg = Release|x64
		{98003060-D485-412C-8FBA-30FCE24B6519}.Release_vip|x64.Build.0 = Release|x64
		{98003060-D485-412C-8FBA-30FCE24B6519}.Release_vip|x86.ActiveCfg = Release|Win32
		{98003060-D485-412C-8FBA-30FCE24B6519}.Release|x64.ActiveCfg = Release|x64
		{98003060-D485-412C-8FBA-30FCE24B6519}.Release|x64.Build.0 = Release|x64
		{98003060-D485-412C-8FBA-30FCE24B6519}.Release|x86.ActiveCfg = Release|Win32
		{CD6936F7-8EE3-4631-93A4-12B808B8ED05}.Debug|x64.ActiveCfg = Debug|x64
		{CD6936F7-8EE3-4631-93A4-12B808B8ED05}.Debug|x64.Build.0 = Debug|x64
		{CD6936F7-8EE3-4631-93A4-12B808B8ED05}.Debug|x86.ActiveCfg = Debug|Win32
		{CD6936F7-8EE3-4631-93A4-12B808B8ED05}.Debug|x86.Build.0 = Debug|Win32
		{CD6936F7-8EE3-4631-93A4-12B808B8ED05}.Release_red|x64.ActiveCfg = Release|x64
		{CD6936F7-8EE3-4631-93A4-12B808B8ED05}.Release_red|x64.Build.0 = Release|x64
		{CD6936F7-8EE3-4631-93A4-12B808B8ED05}.Release_red|x86.ActiveCfg = Release|Win32
		{CD6936F7-8EE3-4631-93A4-12B808B8ED05}.Release_red|x86.Build.0 = Release|Win32
		{CD6936F7-8EE3-4631-93A4-12B808B8ED05}.Release_vip|x64.ActiveCfg = Release|x64
		{CD6936F7-8EE3-4631-93A4-12B808B8ED05}.Release_vip|x64.Build.0 = Release|x64
		{CD6936F7-8EE3-4631-93A4-12B808B8ED05}.Release_vip|x86.ActiveCfg = Release|Win32
		{CD6936F7-8EE3-4631-93A4-12B808B8ED05}.Release_vip|x86.Build.0 = Release|Win32
		{CD6936F7-8EE3-4631-93A4-12B808B8ED05}.Release|x64.ActiveCfg = Release|x64
		{CD6936F7-8EE3-4631-93A4-12B808B8ED05}.Release|x64.Build.0 = Release|x64
		{CD6936F7-8EE3-4631-93A4-12B808B8ED05}.Release|x86.ActiveCfg = Release|Win32
		{CD6936F7-8EE3-4631-93A4-12B808B8ED05}.Release|x86.Build.0 = Release|Win32
		{D3BD2DAE-BDEF-493B-B372-F67EDE912DB9}.Debug|x64.ActiveCfg = Debug|x64
		{D3BD2DAE-BDEF-493B-B372-F67EDE912DB9}.Debug|x64.Build.0 = Debug|x64
		{D3BD2DAE-BDEF-493B-B372-F67EDE912DB9}.Debug|x86.ActiveCfg = Debug|Win32
		{D3BD2DAE-BDEF-493B-B372-F67EDE912DB9}.Debug|x86.Build.0 = Debug|Win32
		{D3BD2DAE-BDEF-493B-B372-F67EDE912DB9}.Release_red|x64.ActiveCfg = Release|x64
		{D3BD2DAE-BDEF-493B-B372-F67EDE912DB9}.Release_red|x64.Build.0 = Release|x64
		{D3BD2DAE-BDEF-493B-B372-F67EDE912DB9}.Release_red|x86.ActiveCfg = Release|Win32
		{D3BD2DAE-BDEF-493B-B372-F67EDE912DB9}.Release_red|x86.Build.0 = Release|Win32
		{D3BD2DAE-BDEF-493B-B372-F67EDE912DB9}.Release_vip|x64.ActiveCfg = Release|x64
		{D3BD2DAE-BDEF-493B-B372-F67EDE912DB9}.Release_vip|x64.Build.0 = Release|x64
		{D3BD2DAE-BDEF-493B-B372-F67EDE912DB9}.Release_vip|x86.ActiveCfg = Release|Win32
		{D3BD2DAE-BDEF-493B-B372-F67EDE912DB9}.Release_vip|x86.Build.0 = Release|Win32
		{D3BD2DAE-BDEF-493B-B372-F67EDE912DB9}.Release|x64.ActiveCfg = Release|x64
		{D3BD2DAE-BDEF-493B-B372-F67EDE912DB9}.Release|x64.Build.0 = Release|x64
		{D3BD2DAE-BDEF-493B-B372-F67EDE912DB9}.Release|x86.ActiveCfg = Release|Win32
		{D3BD2DAE-BDEF-493B-B372-F67EDE912DB9}.Release|x86.Build.0 = Release|Win32
		{18409C9D-9CC1-425A-AA09-9D4AD25F0111}.Debug|x64.ActiveCfg = Debug|x64
		{18409C9D-9CC1-425A-AA09-9D4AD25F0111}.Debug|x64.Build.0 = Debug|x64
		{18409C9D-9CC1-425A-AA09-9D4AD25F0111}.Debug|x86.ActiveCfg = Debug|Win32
		{18409C9D-9CC1-425A-AA09-9D4AD25F0111}.Debug|x86.Build.0 = Debug|Win32
		{18409C9D-9CC1-425A-AA09-9D4AD25F0111}.Release_red|x64.ActiveCfg = Release|x64
		{18409C9D-9CC1-425A-AA09-9D4AD25F0111}.Release_red|x64.Build.0 = Release|x64
		{18409C9D-9CC1-425A-AA09-9D4AD25F0111}.Release_red|x86.ActiveCfg = Release|Win32
		{18409C9D-9CC1-425A-AA09-9D4AD25F0111}.Release_red|x86.Build.0 = Release|Win32
		{18409C9D-9CC1-425A-AA09-9D4AD25F0111}.Release_vip|x64.ActiveCfg = Release|x64
		{18409C9D-9CC1-425A-AA09-9D4AD25F0111}.Release_vip|x64.Build.0 = Release|x64
		{18409C9D-9CC1-425A-AA09-9D4AD25F0111}.Release_vip|x86.ActiveCfg = Release|Win32
		{18409C9D-9CC1-425A-AA09-9D4AD25F0111}.Release_vip|x86.Build.0 = Release|Win32
		{18409C9D-9CC1-425A-AA09-9D4AD25F0111}.Release|x64.ActiveCfg = Release|x64
		{18409C9D-9CC1-425A-AA09-9D4AD25F0111}.Release|x64.Build.0 = Release|x64
		{18409C9D-9CC1-425A-AA09-9D4AD25F0111}.Release|x86.ActiveCfg = Release|Win32
		{18409C9D-9CC1-425A-AA09-9D4AD25F0111}.Release|x86.Build.0 = Release|Win32
		{65C6959E-6C0F-41E2-A045-E96D84732528}.Debug|x64.ActiveCfg = Debug|x64
		{65C6959E-6C0F-41E2-A045-E96D84732528}.Debug|x64.Build.0 = Debug|x64
		{65C6959E-6C0F-41E2-A045-E96D84732528}.Debug|x86.ActiveCfg = Debug|Win32
		{65C6959E-6C0F-41E2-A045-E96D84732528}.Release_red|x64.ActiveCfg = Release|x64
		{65C6959E-6C0F-41E2-A045-E96D84732528}.Release_red|x64.Build.0 = Release|x64
		{65C6959E-6C0F-41E2-A045-E96D84732528}.Release_red|x86.ActiveCfg = Release|Win32
		{65C6959E-6C0F-41E2-A045-E96D84732528}.Release_vip|x64.ActiveCfg = Release|x64
		{65C6959E-6C0F-41E2-A045-E96D84732528}.Release_vip|x64.Build.0 = Release|x64
		{65C6959E-6C0F-41E2-A045-E96D84732528}.Release_vip|x86.ActiveCfg = Release|Win32
		{65C6959E-6C0F-41E2-A045-E96D84732528}.Release|x64.ActiveCfg = Release|x64
		{65C6959E-6C0F-41E2-A045-E96D84732528}.Release|x64.Build.0 = Release|x64
		{65C6959E-6C0F-41E2-A045-E96D84732528}.Release|x86.ActiveCfg = Release|Win32
		{9A1825A4-43C4-45F8-9D60-99883A22F797}.Debug|x64.ActiveCfg = Debug|x64
		{9A1825A4-43C4-45F8-9D60-99883A22F797}.Debug|x64.Build.0 = Debug|x64
		{9A1825A4-43C4-45F8-9D60-99883A22F797}.Debug|x86.ActiveCfg = Debug|Win32
		{9A1825A4-43C4-45F8-9D60-99883A22F797}.Release_red|x64.ActiveCfg = Release|x64
		{9A1825A4-43C4-45F8-9D60-99883A22F797}.Release_red|x64.Build.0 = Release|x64
		{9A1825A4-43C4-45F8-9D60-99883A22F797}.Release_red|x86.ActiveCfg = Release|Win32
		{9A1825A4-43C4-45F8-9D60-99883A22F797}.Release_vip|x64.ActiveCfg = Release|x64
		{9A1825A4-43C4-45F8-9D60-99883A22F797}.Release_vip|x64.Build.0 = Release|x64
		{9A1825A4-43C4-45F8-9D60-99883A22F797}.Release_vip|x86.ActiveCfg = Release|Win32
		{9A1825A4-43C4-45F8-9D60-99883A22F797}.Release|x64.ActiveCfg = Release|x64
		{9A1825A4-43C4-45F8-9D60-99883A22F797}.Release|x64.Build.0 = Release|x64
		{9A1825A4-43C4-45F8-9D60-99883A22F797}.Release|x86.ActiveCfg = Release|Win32
		{0CBA32E9-1567-4B37-BD0B-4145EA2701BC}.Debug|x64.ActiveCfg = Debug|x64
		{0CBA32E9-1567-4B37-BD0B-4145EA2701BC}.Debug|x64.Build.0 = Debug|x64
		{0CBA32E9-1567-4B37-BD0B-4145EA2701BC}.Debug|x86.ActiveCfg = Debug|Win32
		{0CBA32E9-1567-4B37-BD0B-4145EA2701BC}.Debug|x86.Build.0 = Debug|Win32
		{0CBA32E9-1567-4B37-BD0B-4145EA2701BC}.Release_red|x64.ActiveCfg = Release|x64
		{0CBA32E9-1567-4B37-BD0B-4145EA2701BC}.Release_red|x64.Build.0 = Release|x64
		{0CBA32E9-1567-4B37-BD0B-4145EA2701BC}.Release_red|x86.ActiveCfg = Release|Win32
		{0CBA32E9-1567-4B37-BD0B-4145EA2701BC}.Release_red|x86.Build.0 = Release|Win32
		{0CBA32E9-1567-4B37-BD0B-4145EA2701BC}.Release_vip|x64.ActiveCfg = Release|x64
		{0CBA32E9-1567-4B37-BD0B-4145EA2701BC}.Release_vip|x64.Build.0 = Release|x64
		{0CBA32E9-1567-4B37-BD0B-4145EA2701BC}.Release_vip|x86.ActiveCfg = Release|Win32
		{0CBA32E9-1567-4B37-BD0B-4145EA2701BC}.Release_vip|x86.Build.0 = Release|Win32
		{0CBA32E9-1567-4B37-BD0B-4145EA2701BC}.Release|x64.ActiveCfg = Release|x64
		{0CBA32E9-1567-4B37-BD0B-4145EA2701BC}.Release|x64.Build.0 = Release|x64
		{0CBA32E9-1567-4B37-BD0B-4145EA2701BC}.Release|x86.ActiveCfg = Release|Win32
		{0CBA32E9-1567-4B37-BD0B-4145EA2701BC}.Release|x86.Build.0 = Release|Win32
		{6825F5D8-275C-4E35-BF3D-5EED9F313367}.Debug|x64.ActiveCfg = Debug|Win32
		{6825F5D8-275C-4E35-BF3D-5EED9F313367}.Debug|x86.ActiveCfg = Debug|Win32
		{6825F5D8-275C-4E35-BF3D-5EED9F313367}.Debug|x86.Build.0 = Debug|Win32
		{6825F5D8-275C-4E35-BF3D-5EED9F313367}.Release_red|x64.ActiveCfg = Release_red|Win32
		{6825F5D8-275C-4E35-BF3D-5EED9F313367}.Release_red|x86.ActiveCfg = Release_red|Win32
		{6825F5D8-275C-4E35-BF3D-5EED9F313367}.Release_red|x86.Build.0 = Release_red|Win32
		{6825F5D8-275C-4E35-BF3D-5EED9F313367}.Release_vip|x64.ActiveCfg = Release_vip|Win32
		{6825F5D8-275C-4E35-BF3D-5EED9F313367}.Release_vip|x86.ActiveCfg = Release_vip|Win32
		{6825F5D8-275C-4E35-BF3D-5EED9F313367}.Release_vip|x86.Build.0 = Release_vip|Win32
		{6825F5D8-275C-4E35-BF3D-5EED9F313367}.Release|x64.ActiveCfg = Release|Win32
		{6825F5D8-275C-4E35-BF3D-5EED9F313367}.Release|x86.ActiveCfg = Release|Win32
		{6825F5D8-275C-4E35-BF3D-5EED9F313367}.Release|x86.Build.0 = Release|Win32
		{24A780F3-D5C1-45E9-B285-61C26C5821D4}.Debug|x64.ActiveCfg = Debug|x64
		{24A780F3-D5C1-45E9-B285-61C26C5821D4}.Debug|x64.Build.0 = Debug|x64
		{24A780F3-D5C1-45E9-B285-61C26C5821D4}.Debug|x86.ActiveCfg = Debug|Win32
		{24A780F3-D5C1-45E9-B285-61C26C5821D4}.Release_red|x64.ActiveCfg = Release|x64
		{24A780F3-D5C1-45E9-B285-61C26C5821D4}.Release_red|x64.Build.0 = Release|x64
		{24A780F3-D5C1-45E9-B285-61C26C5821D4}.Release_red|x86.ActiveCfg = Release|Win32
		{24A780F3-D5C1-45E9-B285-61C26C5821D4}.Release_vip|x64.ActiveCfg = Release|x64
		{24A780F3-D5C1-45E9-B285-61C26C5821D4}.Release_vip|x64.Build.0 = Release|x64
		{24A780F3-D5C1-45E9-B285-61C26C5821D4}.Release_vip|x86.ActiveCfg = Release|Win32
		{24A780F3-D5C1-45E9-B285-61C26C5821D4}.Release|x64.ActiveCfg = Release|x64
		{24A780F3-D5C1-45E9-B285-61C26C5821D4}.Release|x64.Build.0 = Release|x64
		{24A780F3-D5C1-45E9-B285-61C26C5821D4}.Release|x86.ActiveCfg = Release|Win32
		{9613F9B3-5E1B-4AD1-9389-5CA83511779C}.Debug|x64.ActiveCfg = Debug|x64
		{9613F9B3-5E1B-4AD1-9389-5CA83511779C}.Debug|x64.Build.0 = Debug|x64
		{9613F9B3-5E1B-4AD1-9389-5CA83511779C}.Debug|x86.ActiveCfg = Debug|Win32
		{9613F9B3-5E1B-4AD1-9389-5CA83511779C}.Release_red|x64.ActiveCfg = Release|x64
		{9613F9B3-5E1B-4AD1-9389-5CA83511779C}.Release_red|x64.Build.0 = Release|x64
		{9613F9B3-5E1B-4AD1-9389-5CA83511779C}.Release_red|x86.ActiveCfg = Release|Win32
		{9613F9B3-5E1B-4AD1-9389-5CA83511779C}.Release_vip|x64.ActiveCfg = Release|x64
		{9613F9B3-5E1B-4AD1-9389-5CA83511779C}.Release_vip|x64.Build.0 = Release|x64
		{9613F9B3-5E1B-4AD1-9389-5CA83511779C}.Release_vip|x86.ActiveCfg = Release|Win32
		{9613F9B3-5E1B-4AD1-9389-5CA83511779C}.Release|x64.ActiveCfg = Release|x64
		{9613F9B3-5E1B-4AD1-9389-5CA83511779C}.Release|x64.Build.0 = Release|x64
		{9613F9B3-5E1B-4AD1-9389-5CA83511779C}.Release|x86.ActiveCfg = Release|Win32
		{B073C49C-3170-4FAA-B6BF-16DCC94CA7B9}.Debug|x64.ActiveCfg = Debug|x64
		{B073C49C-3170-4FAA-B6BF-16DCC94CA7B9}.Debug|x64.Build.0 = Debug|x64
		{B073C49C-3170-4FAA-B6BF-16DCC94CA7B9}.Debug|x86.ActiveCfg = Debug|Win32
		{B073C49C-3170-4FAA-B6BF-16DCC94CA7B9}.Debug|x86.Build.0 = Debug|Win32
		{B073C49C-3170-4FAA-B6BF-16DCC94CA7B9}.Release_red|x64.ActiveCfg = Release|x64
		{B073C49C-3170-4FAA-B6BF-16DCC94CA7B9}.Release_red|x64.Build.0 = Release|x64
		{B073C49C-3170-4FAA-B6BF-16DCC94CA7B9}.Release_red|x86.ActiveCfg = Release|Win32
		{B073C49C-3170-4FAA-B6BF-16DCC94CA7B9}.Release_red|x86.Build.0 = Release|Win32
		{B073C49C-3170-4FAA-B6BF-16DCC94CA7B9}.Release_vip|x64.ActiveCfg = Release|x64
		{B073C49C-3170-4FAA-B6BF-16DCC94CA7B9}.Release_vip|x64.Build.0 = Release|x64
		{B073C49C-3170-4FAA-B6BF-16DCC94CA7B9}.Release_vip|x86.ActiveCfg = Release|Win32
		{B073C49C-3170-4FAA-B6BF-16DCC94CA7B9}.Release_vip|x86.Build.0 = Release|Win32
		{B073C49C-3170-4FAA-B6BF-16DCC94CA7B9}.Release|x64.ActiveCfg = Release|x64
		{B073C49C-3170-4FAA-B6BF-16DCC94CA7B9}.Release|x64.Build.0 = Release|x64
		{B073C49C-3170-4FAA-B6BF-16DCC94CA7B9}.Release|x86.ActiveCfg = Release|Win32
		{B073C49C-3170-4FAA-B6BF-16DCC94CA7B9}.Release|x86.Build.0 = Release|Win32
	EndGlobalSection
	GlobalSection(SolutionProperties) = preSolution
		HideSolutionNode = FALSE
	EndGlobalSection
	GlobalSection(NestedProjects) = preSolution
		{1461F543-D1FA-4E4C-B6D7-0F879F566035} = {FAE22EA9-2416-4FBD-9C15-9990BEE4F2A0}
		{3D0ECE4A-914A-4058-82C3-178069831F11} = {431125BC-35CD-422D-8143-9805AE767CC6}
		{5E50DEDE-27F8-4C1D-B973-0598E3142787} = {9AFF9C87-E13D-436C-B089-281C615D2838}
		{C2580503-90FB-4DED-834F-597162126471} = {FAE22EA9-2416-4FBD-9C15-9990BEE4F2A0}
		{98003060-D485-412C-8FBA-30FCE24B6519} = {9AFF9C87-E13D-436C-B089-281C615D2838}
		{CD6936F7-8EE3-4631-93A4-12B808B8ED05} = {6A9415A5-342F-4BB5-89FE-C33C0ACB499C}
		{D3BD2DAE-BDEF-493B-B372-F67EDE912DB9} = {6A9415A5-342F-4BB5-89FE-C33C0ACB499C}
		{18409C9D-9CC1-425A-AA09-9D4AD25F0111} = {9AFF9C87-E13D-436C-B089-281C615D2838}
		{65C6959E-6C0F-41E2-A045-E96D84732528} = {431125BC-35CD-422D-8143-9805AE767CC6}
		{9A1825A4-43C4-45F8-9D60-99883A22F797} = {431125BC-35CD-422D-8143-9805AE767CC6}
		{0CBA32E9-1567-4B37-BD0B-4145EA2701BC} = {431125BC-35CD-422D-8143-9805AE767CC6}
		{6825F5D8-275C-4E35-BF3D-5EED9F313367} = {431125BC-35CD-422D-8143-9805AE767CC6}
		{B073C49C-3170-4FAA-B6BF-16DCC94CA7B9} = {431125BC-35CD-422D-8143-9805AE767CC6}
	EndGlobalSection
	GlobalSection(ExtensibilityGlobals) = postSolution
		SolutionGuid = {AFCF4415-F6CD-4026-8FDF-D7F637652B3C}
	EndGlobalSection
EndGlobal
