<?xml version="1.0" encoding="utf-8"?>
<Project ToolsVersion="4.0" xmlns="http://schemas.microsoft.com/developer/msbuild/2003">
  <ItemGroup>
    <Filter Include="源文件">
      <UniqueIdentifier>{4FC737F1-C7A5-4376-A066-2A32D752A2FF}</UniqueIdentifier>
      <Extensions>cpp;c;cc;cxx;c++;cppm;ixx;def;odl;idl;hpj;bat;asm;asmx</Extensions>
    </Filter>
    <Filter Include="头文件">
      <UniqueIdentifier>{93995380-89BD-4b04-88EB-625FBE52EBFB}</UniqueIdentifier>
      <Extensions>h;hh;hpp;hxx;h++;hm;inl;inc;ipp;xsd</Extensions>
    </Filter>
    <Filter Include="资源文件">
      <UniqueIdentifier>{67DA6AB6-F800-4c08-8B7A-83BB121AAD01}</UniqueIdentifier>
      <Extensions>rc;ico;cur;bmp;dlg;rc2;rct;bin;rgs;gif;jpg;jpeg;jpe;resx;tiff;tif;png;wav;mfcribbon-ms</Extensions>
    </Filter>
    <Filter Include="OnLineGamers">
      <UniqueIdentifier>{63b7c2a6-342a-456c-b960-de718475ab8e}</UniqueIdentifier>
    </Filter>
    <Filter Include="Log">
      <UniqueIdentifier>{8c58308b-a278-4844-8dbb-0c755603008a}</UniqueIdentifier>
    </Filter>
    <Filter Include="Widget">
      <UniqueIdentifier>{f7efd283-566b-4cc4-b1ca-2ce8007de22e}</UniqueIdentifier>
    </Filter>
  </ItemGroup>
  <ItemGroup>
    <ClInclude Include="GateF.h">
      <Filter>头文件</Filter>
    </ClInclude>
    <ClInclude Include="GateFDlg.h">
      <Filter>头文件</Filter>
    </ClInclude>
    <ClInclude Include="DlgProxy.h">
      <Filter>头文件</Filter>
    </ClInclude>
    <ClInclude Include="framework.h">
      <Filter>头文件</Filter>
    </ClInclude>
    <ClInclude Include="targetver.h">
      <Filter>头文件</Filter>
    </ClInclude>
    <ClInclude Include="Resource.h">
      <Filter>头文件</Filter>
    </ClInclude>
    <ClInclude Include="pch.h">
      <Filter>头文件</Filter>
    </ClInclude>
    <ClInclude Include="ClientViewList.h">
      <Filter>OnLineGamers</Filter>
    </ClInclude>
    <ClInclude Include="ViewList.h">
      <Filter>OnLineGamers</Filter>
    </ClInclude>
    <ClInclude Include="CGamesDlg.h">
      <Filter>头文件</Filter>
    </ClInclude>
    <ClInclude Include="CAntiCheatDlg.h">
      <Filter>头文件</Filter>
    </ClInclude>
    <ClInclude Include="CPoliceDlg.h">
      <Filter>头文件</Filter>
    </ClInclude>
    <ClInclude Include="..\Gate\ObserverClientGroupImpl.h">
      <Filter>头文件</Filter>
    </ClInclude>
    <ClInclude Include="..\Gate\ObserverClientImpl.h">
      <Filter>头文件</Filter>
    </ClInclude>
    <ClInclude Include="CLogDlg.h">
      <Filter>头文件</Filter>
    </ClInclude>
    <ClInclude Include="CObServerClientDlg.h">
      <Filter>头文件</Filter>
    </ClInclude>
    <ClInclude Include="COBSCServiceDlg.h">
      <Filter>头文件</Filter>
    </ClInclude>
    <ClInclude Include="COBSCLogicDlg.h">
      <Filter>头文件</Filter>
    </ClInclude>
  </ItemGroup>
  <ItemGroup>
    <ClCompile Include="GateF.cpp">
      <Filter>源文件</Filter>
    </ClCompile>
    <ClCompile Include="GateFDlg.cpp">
      <Filter>源文件</Filter>
    </ClCompile>
    <ClCompile Include="DlgProxy.cpp">
      <Filter>源文件</Filter>
    </ClCompile>
    <ClCompile Include="pch.cpp">
      <Filter>源文件</Filter>
    </ClCompile>
    <ClCompile Include="ClientViewList.cpp">
      <Filter>OnLineGamers</Filter>
    </ClCompile>
    <ClCompile Include="ViewList.cpp">
      <Filter>OnLineGamers</Filter>
    </ClCompile>
    <ClCompile Include="CGamesDlg.cpp">
      <Filter>源文件</Filter>
    </ClCompile>
    <ClCompile Include="CAntiCheatDlg.cpp">
      <Filter>源文件</Filter>
    </ClCompile>
    <ClCompile Include="CPoliceDlg.cpp">
      <Filter>源文件</Filter>
    </ClCompile>
    <ClCompile Include="..\Gate\ObserverClientGroupImpl.cpp">
      <Filter>源文件</Filter>
    </ClCompile>
    <ClCompile Include="..\Gate\ObserverClientImpl.cpp">
      <Filter>源文件</Filter>
    </ClCompile>
    <ClCompile Include="CLogDlg.cpp">
      <Filter>源文件</Filter>
    </ClCompile>
    <ClCompile Include="CObServerClientDlg.cpp">
      <Filter>源文件</Filter>
    </ClCompile>
    <ClCompile Include="COBSCServiceDlg.cpp">
      <Filter>源文件</Filter>
    </ClCompile>
    <ClCompile Include="COBSCLogicDlg.cpp">
      <Filter>源文件</Filter>
    </ClCompile>
  </ItemGroup>
  <ItemGroup>
    <Midl Include="GateF.idl">
      <Filter>源文件</Filter>
    </Midl>
  </ItemGroup>
  <ItemGroup>
    <None Include="GateF.reg" />
    <None Include="res\GateF.rc2">
      <Filter>资源文件</Filter>
    </None>
  </ItemGroup>
  <ItemGroup>
    <ResourceCompile Include="GateF.rc">
      <Filter>资源文件</Filter>
    </ResourceCompile>
  </ItemGroup>
  <ItemGroup>
    <Image Include="res\GateF.ico">
      <Filter>资源文件</Filter>
    </Image>
  </ItemGroup>
</Project>