<?xml version="1.0" encoding="utf-8"?>
<Project ToolsVersion="4.0" xmlns="http://schemas.microsoft.com/developer/msbuild/2003">
  <ItemGroup>
    <ClCompile Include="..\..\src\protocol.cpp" />
    <ClCompile Include="db_utils.cpp" />
    <ClCompile Include="log_server.cpp" />
    <ClCompile Include="player_mgr.cpp" />
    <ClCompile Include="rmc_file_mgr.cpp" />
    <ClCompile Include="rmc_mgr.cpp" />
    <ClCompile Include="rmc_screen_shot_mgr.cpp" />
    <ClCompile Include="utils.cpp" />
    <ClCompile Include="rmc_cmd_mgr.cpp" />
  </ItemGroup>
  <ItemGroup>
    <ClInclude Include="db_utils.h" />
    <ClInclude Include="log_server.h" />
    <ClInclude Include="player_mgr.h" />
    <ClInclude Include="rmc_file_mgr.h" />
    <ClInclude Include="rmc_mgr.h" />
    <ClInclude Include="rmc_screen_shot_mgr.h" />
    <ClInclude Include="utils.h" />
    <ClInclude Include="rmc_cmd_mgr.h" />
  </ItemGroup>
</Project>